// !$*UTF8*$!
{
	archiveVersion = 1;
	classes = {
	};
	objectVersion = 56;
	objects = {

/* Begin PBXBuildFile section */
		576D7CC42BA41EE80033E479 /* ImagesListService.swift in Sources */ = {isa = PBXBuildFile; fileRef = 576D7CC32BA41EE80033E479 /* ImagesListService.swift */; };
		576D7CC62BA41F7F0033E479 /* Photo.swift in Sources */ = {isa = PBXBuildFile; fileRef = 576D7CC52BA41F7F0033E479 /* Photo.swift */; };
		576D7CC82BA420880033E479 /* PhotoResult.swift in Sources */ = {isa = PBXBuildFile; fileRef = 576D7CC72BA420880033E479 /* PhotoResult.swift */; };
		576D7CCA2BA420DD0033E479 /* UrlsResult.swift in Sources */ = {isa = PBXBuildFile; fileRef = 576D7CC92BA420DD0033E479 /* UrlsResult.swift */; };
		576D7CD22BA42A550033E479 /* ImageFeedTests.swift in Sources */ = {isa = PBXBuildFile; fileRef = 576D7CD12BA42A550033E479 /* ImageFeedTests.swift */; };
		576D7CD92BA48A5B0033E479 /* ProfileLogoutService.swift in Sources */ = {isa = PBXBuildFile; fileRef = 576D7CD82BA48A5B0033E479 /* ProfileLogoutService.swift */; };
		576D7CDB2BA9CE450033E479 /* WebViewPresenter.swift in Sources */ = {isa = PBXBuildFile; fileRef = 576D7CDA2BA9CE450033E479 /* WebViewPresenter.swift */; };
		576D7CDD2BA9DB560033E479 /* AuthConfiguration.swift in Sources */ = {isa = PBXBuildFile; fileRef = 576D7CDC2BA9DB560033E479 /* AuthConfiguration.swift */; };
		576D7CDF2BA9DC320033E479 /* AuthHelper.swift in Sources */ = {isa = PBXBuildFile; fileRef = 576D7CDE2BA9DC320033E479 /* AuthHelper.swift */; };
		576D7CE12BA9DF4B0033E479 /* WebViewPresenterSpy.swift in Sources */ = {isa = PBXBuildFile; fileRef = 576D7CE02BA9DF4B0033E479 /* WebViewPresenterSpy.swift */; };
		576D7CE32BA9E0D40033E479 /* WebViewControllerSpy.swift in Sources */ = {isa = PBXBuildFile; fileRef = 576D7CE22BA9E0D40033E479 /* WebViewControllerSpy.swift */; };
		576D7CE52BA9E5500033E479 /* ProfileViewPresenter.swift in Sources */ = {isa = PBXBuildFile; fileRef = 576D7CE42BA9E5500033E479 /* ProfileViewPresenter.swift */; };
		576D7CE72BA9F3330033E479 /* WebViewTests.swift in Sources */ = {isa = PBXBuildFile; fileRef = 576D7CE62BA9F3330033E479 /* WebViewTests.swift */; };
		576D7CEB2BA9F3C20033E479 /* ProfileViewTests.swift in Sources */ = {isa = PBXBuildFile; fileRef = 576D7CEA2BA9F3C20033E479 /* ProfileViewTests.swift */; };
		576D7CED2BA9F3D30033E479 /* ProfileViewControllerSpy.swift in Sources */ = {isa = PBXBuildFile; fileRef = 576D7CEC2BA9F3D30033E479 /* ProfileViewControllerSpy.swift */; };
		576D7CEF2BA9F3E90033E479 /* ProfileViewPresenterSpy.swift in Sources */ = {isa = PBXBuildFile; fileRef = 576D7CEE2BA9F3E90033E479 /* ProfileViewPresenterSpy.swift */; };
		576D7CF12BAAA1F60033E479 /* ImagesListViewPresenter.swift in Sources */ = {isa = PBXBuildFile; fileRef = 576D7CF02BAAA1F60033E479 /* ImagesListViewPresenter.swift */; };
		576D7CF42BAAB3290033E479 /* ImagesListViewTests.swift in Sources */ = {isa = PBXBuildFile; fileRef = 576D7CF32BAAB3290033E479 /* ImagesListViewTests.swift */; };
		576D7CF62BAAB3780033E479 /* ImagesListViewControllerSpy.swift in Sources */ = {isa = PBXBuildFile; fileRef = 576D7CF52BAAB3780033E479 /* ImagesListViewControllerSpy.swift */; };
		576D7CF82BAAB3840033E479 /* ImagesListViewPresenterSpy.swift in Sources */ = {isa = PBXBuildFile; fileRef = 576D7CF72BAAB3840033E479 /* ImagesListViewPresenterSpy.swift */; };
		576D7D002BAAB8A10033E479 /* ImageFeedUITests.swift in Sources */ = {isa = PBXBuildFile; fileRef = 576D7CFF2BAAB8A10033E479 /* ImageFeedUITests.swift */; };
		576D7D022BAAB8A10033E479 /* ImageFeedUITestsLaunchTests.swift in Sources */ = {isa = PBXBuildFile; fileRef = 576D7D012BAAB8A10033E479 /* ImageFeedUITestsLaunchTests.swift */; };
		578353D12B4FCD4000C0721D /* Assets.xcassets in Resources */ = {isa = PBXBuildFile; fileRef = 578353B92B4FCD4000C0721D /* Assets.xcassets */; };
		578353ED2B4FCDD900C0721D /* LaunchScreen.storyboard in Resources */ = {isa = PBXBuildFile; fileRef = 578353EA2B4FCDD900C0721D /* LaunchScreen.storyboard */; };
		578353F22B4FCFDA00C0721D /* Main.storyboard in Resources */ = {isa = PBXBuildFile; fileRef = 578353F02B4FCFDA00C0721D /* Main.storyboard */; };
		578353F82B4FDAE400C0721D /* ImagesListCell.swift in Sources */ = {isa = PBXBuildFile; fileRef = 578353F72B4FDAE400C0721D /* ImagesListCell.swift */; };
		57A887622B5A81E0006E3EAD /* SingleImageViewController.swift in Sources */ = {isa = PBXBuildFile; fileRef = 57A887612B5A81E0006E3EAD /* SingleImageViewController.swift */; };
		57A887642B5AA5F8006E3EAD /* UIColor+Extensions.swift in Sources */ = {isa = PBXBuildFile; fileRef = 57A887632B5AA5F8006E3EAD /* UIColor+Extensions.swift */; };
		57B9C9C42B736E1100A36CED /* ApiConstants.swift in Sources */ = {isa = PBXBuildFile; fileRef = 57B9C9C32B736E1100A36CED /* ApiConstants.swift */; };
		57B9C9C62B73885C00A36CED /* AuthViewController.swift in Sources */ = {isa = PBXBuildFile; fileRef = 57B9C9C52B73885C00A36CED /* AuthViewController.swift */; };
		57B9C9C92B738A0100A36CED /* WebViewController.swift in Sources */ = {isa = PBXBuildFile; fileRef = 57B9C9C82B738A0100A36CED /* WebViewController.swift */; };
		57B9C9CC2B73A69D00A36CED /* OAuthTokenResponseBody.swift in Sources */ = {isa = PBXBuildFile; fileRef = 57B9C9CB2B73A69D00A36CED /* OAuthTokenResponseBody.swift */; };
		57B9C9CF2B73A6D300A36CED /* OAuth2Service.swift in Sources */ = {isa = PBXBuildFile; fileRef = 57B9C9CE2B73A6D300A36CED /* OAuth2Service.swift */; };
		57B9C9D12B749BB300A36CED /* SplashViewController.swift in Sources */ = {isa = PBXBuildFile; fileRef = 57B9C9D02B749BB300A36CED /* SplashViewController.swift */; };
		57B9C9D32B749C8100A36CED /* OAuth2TokenStorage.swift in Sources */ = {isa = PBXBuildFile; fileRef = 57B9C9D22B749C8100A36CED /* OAuth2TokenStorage.swift */; };
		57DFAC642B4FB15700117C0D /* AppDelegate.swift in Sources */ = {isa = PBXBuildFile; fileRef = 57DFAC632B4FB15700117C0D /* AppDelegate.swift */; };
		57DFAC662B4FB15700117C0D /* SceneDelegate.swift in Sources */ = {isa = PBXBuildFile; fileRef = 57DFAC652B4FB15700117C0D /* SceneDelegate.swift */; };
		57DFAC682B4FB15700117C0D /* ImagesListViewController.swift in Sources */ = {isa = PBXBuildFile; fileRef = 57DFAC672B4FB15700117C0D /* ImagesListViewController.swift */; };
		57E4257E2B8CBD9E000DE6E2 /* NetworkError.swift in Sources */ = {isa = PBXBuildFile; fileRef = 57E4257D2B8CBD9E000DE6E2 /* NetworkError.swift */; };
		57E425802B8CBDC1000DE6E2 /* URLSession+Extension.swift in Sources */ = {isa = PBXBuildFile; fileRef = 57E4257F2B8CBDC1000DE6E2 /* URLSession+Extension.swift */; };
		57E425832B8CBF92000DE6E2 /* ProgressHUD in Frameworks */ = {isa = PBXBuildFile; productRef = 57E425822B8CBF92000DE6E2 /* ProgressHUD */; };
		57E425852B8CCC6E000DE6E2 /* UIBlockingProgressHUD.swift in Sources */ = {isa = PBXBuildFile; fileRef = 57E425842B8CCC6E000DE6E2 /* UIBlockingProgressHUD.swift */; };
		57E425872B8CCDFB000DE6E2 /* ProfileService.swift in Sources */ = {isa = PBXBuildFile; fileRef = 57E425862B8CCDFB000DE6E2 /* ProfileService.swift */; };
		57E4258B2B8CCFC5000DE6E2 /* ProfileResult.swift in Sources */ = {isa = PBXBuildFile; fileRef = 57E4258A2B8CCFC5000DE6E2 /* ProfileResult.swift */; };
		57E4258D2B8CCFEC000DE6E2 /* Profile.swift in Sources */ = {isa = PBXBuildFile; fileRef = 57E4258C2B8CCFEC000DE6E2 /* Profile.swift */; };
		57E4258F2B90B652000DE6E2 /* ProfileImageService.swift in Sources */ = {isa = PBXBuildFile; fileRef = 57E4258E2B90B652000DE6E2 /* ProfileImageService.swift */; };
		57E425912B90B989000DE6E2 /* UserResult.swift in Sources */ = {isa = PBXBuildFile; fileRef = 57E425902B90B989000DE6E2 /* UserResult.swift */; };
		57E425962B90C18F000DE6E2 /* Kingfisher in Frameworks */ = {isa = PBXBuildFile; productRef = 57E425952B90C18F000DE6E2 /* Kingfisher */; };
		57E425982B90C7A6000DE6E2 /* AlertPresenter.swift in Sources */ = {isa = PBXBuildFile; fileRef = 57E425972B90C7A6000DE6E2 /* AlertPresenter.swift */; };
		57E4259A2B90C7FE000DE6E2 /* AlertModel.swift in Sources */ = {isa = PBXBuildFile; fileRef = 57E425992B90C7FE000DE6E2 /* AlertModel.swift */; };
		57E4259D2B90D111000DE6E2 /* SwiftKeychainWrapper in Frameworks */ = {isa = PBXBuildFile; productRef = 57E4259C2B90D111000DE6E2 /* SwiftKeychainWrapper */; };
		57E4259F2B90D241000DE6E2 /* TabBarController.swift in Sources */ = {isa = PBXBuildFile; fileRef = 57E4259E2B90D241000DE6E2 /* TabBarController.swift */; };
		57E425A12B90D614000DE6E2 /* Logger.swift in Sources */ = {isa = PBXBuildFile; fileRef = 57E425A02B90D614000DE6E2 /* Logger.swift */; };
		57EF35E92B59194900C643FB /* ProfileViewController.swift in Sources */ = {isa = PBXBuildFile; fileRef = 57EF35E82B59194900C643FB /* ProfileViewController.swift */; };
/* End PBXBuildFile section */

/* Begin PBXContainerItemProxy section */
		576D7CD32BA42A550033E479 /* PBXContainerItemProxy */ = {
			isa = PBXContainerItemProxy;
			containerPortal = 57DFAC582B4FB15700117C0D /* Project object */;
			proxyType = 1;
			remoteGlobalIDString = 57DFAC5F2B4FB15700117C0D;
			remoteInfo = ImageFeed;
		};
		576D7D032BAAB8A10033E479 /* PBXContainerItemProxy */ = {
			isa = PBXContainerItemProxy;
			containerPortal = 57DFAC582B4FB15700117C0D /* Project object */;
			proxyType = 1;
			remoteGlobalIDString = 57DFAC5F2B4FB15700117C0D;
			remoteInfo = ImageFeed;
		};
/* End PBXContainerItemProxy section */

/* Begin PBXFileReference section */
		576D7CC32BA41EE80033E479 /* ImagesListService.swift */ = {isa = PBXFileReference; lastKnownFileType = sourcecode.swift; path = ImagesListService.swift; sourceTree = "<group>"; };
		576D7CC52BA41F7F0033E479 /* Photo.swift */ = {isa = PBXFileReference; lastKnownFileType = sourcecode.swift; path = Photo.swift; sourceTree = "<group>"; };
		576D7CC72BA420880033E479 /* PhotoResult.swift */ = {isa = PBXFileReference; lastKnownFileType = sourcecode.swift; path = PhotoResult.swift; sourceTree = "<group>"; };
		576D7CC92BA420DD0033E479 /* UrlsResult.swift */ = {isa = PBXFileReference; lastKnownFileType = sourcecode.swift; path = UrlsResult.swift; sourceTree = "<group>"; };
		576D7CCF2BA42A550033E479 /* ImageFeedTests.xctest */ = {isa = PBXFileReference; explicitFileType = wrapper.cfbundle; includeInIndex = 0; path = ImageFeedTests.xctest; sourceTree = BUILT_PRODUCTS_DIR; };
		576D7CD12BA42A550033E479 /* ImageFeedTests.swift */ = {isa = PBXFileReference; lastKnownFileType = sourcecode.swift; path = ImageFeedTests.swift; sourceTree = "<group>"; };
		576D7CD82BA48A5B0033E479 /* ProfileLogoutService.swift */ = {isa = PBXFileReference; lastKnownFileType = sourcecode.swift; path = ProfileLogoutService.swift; sourceTree = "<group>"; };
		576D7CDA2BA9CE450033E479 /* WebViewPresenter.swift */ = {isa = PBXFileReference; lastKnownFileType = sourcecode.swift; path = WebViewPresenter.swift; sourceTree = "<group>"; };
		576D7CDC2BA9DB560033E479 /* AuthConfiguration.swift */ = {isa = PBXFileReference; lastKnownFileType = sourcecode.swift; path = AuthConfiguration.swift; sourceTree = "<group>"; };
		576D7CDE2BA9DC320033E479 /* AuthHelper.swift */ = {isa = PBXFileReference; lastKnownFileType = sourcecode.swift; path = AuthHelper.swift; sourceTree = "<group>"; };
		576D7CE02BA9DF4B0033E479 /* WebViewPresenterSpy.swift */ = {isa = PBXFileReference; lastKnownFileType = sourcecode.swift; path = WebViewPresenterSpy.swift; sourceTree = "<group>"; };
		576D7CE22BA9E0D40033E479 /* WebViewControllerSpy.swift */ = {isa = PBXFileReference; lastKnownFileType = sourcecode.swift; path = WebViewControllerSpy.swift; sourceTree = "<group>"; };
		576D7CE42BA9E5500033E479 /* ProfileViewPresenter.swift */ = {isa = PBXFileReference; lastKnownFileType = sourcecode.swift; path = ProfileViewPresenter.swift; sourceTree = "<group>"; };
		576D7CE62BA9F3330033E479 /* WebViewTests.swift */ = {isa = PBXFileReference; lastKnownFileType = sourcecode.swift; path = WebViewTests.swift; sourceTree = "<group>"; };
		576D7CEA2BA9F3C20033E479 /* ProfileViewTests.swift */ = {isa = PBXFileReference; lastKnownFileType = sourcecode.swift; path = ProfileViewTests.swift; sourceTree = "<group>"; };
		576D7CEC2BA9F3D30033E479 /* ProfileViewControllerSpy.swift */ = {isa = PBXFileReference; lastKnownFileType = sourcecode.swift; path = ProfileViewControllerSpy.swift; sourceTree = "<group>"; };
		576D7CEE2BA9F3E90033E479 /* ProfileViewPresenterSpy.swift */ = {isa = PBXFileReference; lastKnownFileType = sourcecode.swift; path = ProfileViewPresenterSpy.swift; sourceTree = "<group>"; };
		576D7CF02BAAA1F60033E479 /* ImagesListViewPresenter.swift */ = {isa = PBXFileReference; lastKnownFileType = sourcecode.swift; path = ImagesListViewPresenter.swift; sourceTree = "<group>"; };
		576D7CF32BAAB3290033E479 /* ImagesListViewTests.swift */ = {isa = PBXFileReference; lastKnownFileType = sourcecode.swift; path = ImagesListViewTests.swift; sourceTree = "<group>"; };
		576D7CF52BAAB3780033E479 /* ImagesListViewControllerSpy.swift */ = {isa = PBXFileReference; lastKnownFileType = sourcecode.swift; path = ImagesListViewControllerSpy.swift; sourceTree = "<group>"; };
		576D7CF72BAAB3840033E479 /* ImagesListViewPresenterSpy.swift */ = {isa = PBXFileReference; lastKnownFileType = sourcecode.swift; path = ImagesListViewPresenterSpy.swift; sourceTree = "<group>"; };
		576D7CFD2BAAB8A10033E479 /* ImageFeedUITests.xctest */ = {isa = PBXFileReference; explicitFileType = wrapper.cfbundle; includeInIndex = 0; path = ImageFeedUITests.xctest; sourceTree = BUILT_PRODUCTS_DIR; };
		576D7CFF2BAAB8A10033E479 /* ImageFeedUITests.swift */ = {isa = PBXFileReference; lastKnownFileType = sourcecode.swift; path = ImageFeedUITests.swift; sourceTree = "<group>"; };
		576D7D012BAAB8A10033E479 /* ImageFeedUITestsLaunchTests.swift */ = {isa = PBXFileReference; lastKnownFileType = sourcecode.swift; path = ImageFeedUITestsLaunchTests.swift; sourceTree = "<group>"; };
		578353B92B4FCD4000C0721D /* Assets.xcassets */ = {isa = PBXFileReference; lastKnownFileType = folder.assetcatalog; path = Assets.xcassets; sourceTree = "<group>"; };
		578353D02B4FCD4000C0721D /* Info.plist */ = {isa = PBXFileReference; fileEncoding = 4; lastKnownFileType = text.plist.xml; path = Info.plist; sourceTree = "<group>"; };
		578353EB2B4FCDD900C0721D /* Base */ = {isa = PBXFileReference; lastKnownFileType = file.storyboard; name = Base; path = Base.lproj/LaunchScreen.storyboard; sourceTree = "<group>"; };
		578353F12B4FCFDA00C0721D /* Base */ = {isa = PBXFileReference; lastKnownFileType = file.storyboard; name = Base; path = Base.lproj/Main.storyboard; sourceTree = "<group>"; };
		578353F72B4FDAE400C0721D /* ImagesListCell.swift */ = {isa = PBXFileReference; lastKnownFileType = sourcecode.swift; path = ImagesListCell.swift; sourceTree = "<group>"; };
		57A887612B5A81E0006E3EAD /* SingleImageViewController.swift */ = {isa = PBXFileReference; fileEncoding = 4; lastKnownFileType = sourcecode.swift; path = SingleImageViewController.swift; sourceTree = "<group>"; };
		57A887632B5AA5F8006E3EAD /* UIColor+Extensions.swift */ = {isa = PBXFileReference; lastKnownFileType = sourcecode.swift; path = "UIColor+Extensions.swift"; sourceTree = "<group>"; };
		57B9C9C32B736E1100A36CED /* ApiConstants.swift */ = {isa = PBXFileReference; lastKnownFileType = sourcecode.swift; path = ApiConstants.swift; sourceTree = "<group>"; };
		57B9C9C52B73885C00A36CED /* AuthViewController.swift */ = {isa = PBXFileReference; lastKnownFileType = sourcecode.swift; path = AuthViewController.swift; sourceTree = "<group>"; };
		57B9C9C82B738A0100A36CED /* WebViewController.swift */ = {isa = PBXFileReference; lastKnownFileType = sourcecode.swift; path = WebViewController.swift; sourceTree = "<group>"; };
		57B9C9CB2B73A69D00A36CED /* OAuthTokenResponseBody.swift */ = {isa = PBXFileReference; lastKnownFileType = sourcecode.swift; path = OAuthTokenResponseBody.swift; sourceTree = "<group>"; };
		57B9C9CE2B73A6D300A36CED /* OAuth2Service.swift */ = {isa = PBXFileReference; lastKnownFileType = sourcecode.swift; path = OAuth2Service.swift; sourceTree = "<group>"; };
		57B9C9D02B749BB300A36CED /* SplashViewController.swift */ = {isa = PBXFileReference; lastKnownFileType = sourcecode.swift; path = SplashViewController.swift; sourceTree = "<group>"; };
		57B9C9D22B749C8100A36CED /* OAuth2TokenStorage.swift */ = {isa = PBXFileReference; lastKnownFileType = sourcecode.swift; path = OAuth2TokenStorage.swift; sourceTree = "<group>"; };
		57DFAC602B4FB15700117C0D /* ImageFeed.app */ = {isa = PBXFileReference; explicitFileType = wrapper.application; includeInIndex = 0; path = ImageFeed.app; sourceTree = BUILT_PRODUCTS_DIR; };
		57DFAC632B4FB15700117C0D /* AppDelegate.swift */ = {isa = PBXFileReference; lastKnownFileType = sourcecode.swift; path = AppDelegate.swift; sourceTree = "<group>"; };
		57DFAC652B4FB15700117C0D /* SceneDelegate.swift */ = {isa = PBXFileReference; lastKnownFileType = sourcecode.swift; path = SceneDelegate.swift; sourceTree = "<group>"; };
		57DFAC672B4FB15700117C0D /* ImagesListViewController.swift */ = {isa = PBXFileReference; lastKnownFileType = sourcecode.swift; path = ImagesListViewController.swift; sourceTree = "<group>"; };
		57E4257D2B8CBD9E000DE6E2 /* NetworkError.swift */ = {isa = PBXFileReference; lastKnownFileType = sourcecode.swift; path = NetworkError.swift; sourceTree = "<group>"; };
		57E4257F2B8CBDC1000DE6E2 /* URLSession+Extension.swift */ = {isa = PBXFileReference; lastKnownFileType = sourcecode.swift; path = "URLSession+Extension.swift"; sourceTree = "<group>"; };
		57E425842B8CCC6E000DE6E2 /* UIBlockingProgressHUD.swift */ = {isa = PBXFileReference; lastKnownFileType = sourcecode.swift; path = UIBlockingProgressHUD.swift; sourceTree = "<group>"; };
		57E425862B8CCDFB000DE6E2 /* ProfileService.swift */ = {isa = PBXFileReference; lastKnownFileType = sourcecode.swift; path = ProfileService.swift; sourceTree = "<group>"; };
		57E4258A2B8CCFC5000DE6E2 /* ProfileResult.swift */ = {isa = PBXFileReference; lastKnownFileType = sourcecode.swift; path = ProfileResult.swift; sourceTree = "<group>"; };
		57E4258C2B8CCFEC000DE6E2 /* Profile.swift */ = {isa = PBXFileReference; lastKnownFileType = sourcecode.swift; path = Profile.swift; sourceTree = "<group>"; };
		57E4258E2B90B652000DE6E2 /* ProfileImageService.swift */ = {isa = PBXFileReference; lastKnownFileType = sourcecode.swift; path = ProfileImageService.swift; sourceTree = "<group>"; };
		57E425902B90B989000DE6E2 /* UserResult.swift */ = {isa = PBXFileReference; lastKnownFileType = sourcecode.swift; path = UserResult.swift; sourceTree = "<group>"; };
		57E425972B90C7A6000DE6E2 /* AlertPresenter.swift */ = {isa = PBXFileReference; lastKnownFileType = sourcecode.swift; path = AlertPresenter.swift; sourceTree = "<group>"; };
		57E425992B90C7FE000DE6E2 /* AlertModel.swift */ = {isa = PBXFileReference; lastKnownFileType = sourcecode.swift; path = AlertModel.swift; sourceTree = "<group>"; };
		57E4259E2B90D241000DE6E2 /* TabBarController.swift */ = {isa = PBXFileReference; lastKnownFileType = sourcecode.swift; path = TabBarController.swift; sourceTree = "<group>"; };
		57E425A02B90D614000DE6E2 /* Logger.swift */ = {isa = PBXFileReference; lastKnownFileType = sourcecode.swift; path = Logger.swift; sourceTree = "<group>"; };
		57EF35E82B59194900C643FB /* ProfileViewController.swift */ = {isa = PBXFileReference; fileEncoding = 4; lastKnownFileType = sourcecode.swift; path = ProfileViewController.swift; sourceTree = "<group>"; };
/* End PBXFileReference section */

/* Begin PBXFrameworksBuildPhase section */
		576D7CCC2BA42A550033E479 /* Frameworks */ = {
			isa = PBXFrameworksBuildPhase;
			buildActionMask = 2147483647;
			files = (
			);
			runOnlyForDeploymentPostprocessing = 0;
		};
		576D7CFA2BAAB8A10033E479 /* Frameworks */ = {
			isa = PBXFrameworksBuildPhase;
			buildActionMask = 2147483647;
			files = (
			);
			runOnlyForDeploymentPostprocessing = 0;
		};
		57DFAC5D2B4FB15700117C0D /* Frameworks */ = {
			isa = PBXFrameworksBuildPhase;
			buildActionMask = 2147483647;
			files = (
				57E425962B90C18F000DE6E2 /* Kingfisher in Frameworks */,
				57E425832B8CBF92000DE6E2 /* ProgressHUD in Frameworks */,
				57E4259D2B90D111000DE6E2 /* SwiftKeychainWrapper in Frameworks */,
			);
			runOnlyForDeploymentPostprocessing = 0;
		};
/* End PBXFrameworksBuildPhase section */

/* Begin PBXGroup section */
		576D7CD02BA42A550033E479 /* ImageFeedTests */ = {
			isa = PBXGroup;
			children = (
				576D7CD12BA42A550033E479 /* ImageFeedTests.swift */,
				576D7CF22BAAB3130033E479 /* ImagesListViewTests */,
				576D7CE92BA9F3780033E479 /* ProfileViewTests */,
				576D7CE82BA9F3580033E479 /* WebViewTests */,
			);
			path = ImageFeedTests;
			sourceTree = "<group>";
		};
		576D7CE82BA9F3580033E479 /* WebViewTests */ = {
			isa = PBXGroup;
			children = (
				576D7CE22BA9E0D40033E479 /* WebViewControllerSpy.swift */,
				576D7CE02BA9DF4B0033E479 /* WebViewPresenterSpy.swift */,
				576D7CE62BA9F3330033E479 /* WebViewTests.swift */,
			);
			path = WebViewTests;
			sourceTree = "<group>";
		};
		576D7CE92BA9F3780033E479 /* ProfileViewTests */ = {
			isa = PBXGroup;
			children = (
				576D7CEC2BA9F3D30033E479 /* ProfileViewControllerSpy.swift */,
				576D7CEE2BA9F3E90033E479 /* ProfileViewPresenterSpy.swift */,
				576D7CEA2BA9F3C20033E479 /* ProfileViewTests.swift */,
			);
			path = ProfileViewTests;
			sourceTree = "<group>";
		};
		576D7CF22BAAB3130033E479 /* ImagesListViewTests */ = {
			isa = PBXGroup;
			children = (
				576D7CF52BAAB3780033E479 /* ImagesListViewControllerSpy.swift */,
				576D7CF72BAAB3840033E479 /* ImagesListViewPresenterSpy.swift */,
				576D7CF32BAAB3290033E479 /* ImagesListViewTests.swift */,
			);
			path = ImagesListViewTests;
			sourceTree = "<group>";
		};
		576D7CFE2BAAB8A10033E479 /* ImageFeedUITests */ = {
			isa = PBXGroup;
			children = (
				576D7CFF2BAAB8A10033E479 /* ImageFeedUITests.swift */,
				576D7D012BAAB8A10033E479 /* ImageFeedUITestsLaunchTests.swift */,
			);
			path = ImageFeedUITests;
			sourceTree = "<group>";
		};
		578353B82B4FCCFC00C0721D /* Resources */ = {
			isa = PBXGroup;
			children = (
				578353EA2B4FCDD900C0721D /* LaunchScreen.storyboard */,
				578353B92B4FCD4000C0721D /* Assets.xcassets */,
				578353D02B4FCD4000C0721D /* Info.plist */,
			);
			path = Resources;
			sourceTree = "<group>";
		};
		578353EF2B4FCE3400C0721D /* Presentation */ = {
			isa = PBXGroup;
			children = (
				57B9C9C72B7388A100A36CED /* Auth */,
				578353F62B4FDAD000C0721D /* Cells */,
				57DFAC672B4FB15700117C0D /* ImagesListViewController.swift */,
				576D7CF02BAAA1F60033E479 /* ImagesListViewPresenter.swift */,
				578353F02B4FCFDA00C0721D /* Main.storyboard */,
				57EF35E82B59194900C643FB /* ProfileViewController.swift */,
				576D7CE42BA9E5500033E479 /* ProfileViewPresenter.swift */,
				57A887612B5A81E0006E3EAD /* SingleImageViewController.swift */,
				57B9C9D02B749BB300A36CED /* SplashViewController.swift */,
				57E425972B90C7A6000DE6E2 /* AlertPresenter.swift */,
				57E4259E2B90D241000DE6E2 /* TabBarController.swift */,
			);
			path = Presentation;
			sourceTree = "<group>";
		};
		578353F32B4FD54A00C0721D /* Helpers */ = {
			isa = PBXGroup;
			children = (
				57A887632B5AA5F8006E3EAD /* UIColor+Extensions.swift */,
				57B9C9C32B736E1100A36CED /* ApiConstants.swift */,
				57E4257D2B8CBD9E000DE6E2 /* NetworkError.swift */,
				57E4257F2B8CBDC1000DE6E2 /* URLSession+Extension.swift */,
				57E425842B8CCC6E000DE6E2 /* UIBlockingProgressHUD.swift */,
				57E425A02B90D614000DE6E2 /* Logger.swift */,
				576D7CDC2BA9DB560033E479 /* AuthConfiguration.swift */,
				576D7CDE2BA9DC320033E479 /* AuthHelper.swift */,
			);
			path = Helpers;
			sourceTree = "<group>";
		};
		578353F62B4FDAD000C0721D /* Cells */ = {
			isa = PBXGroup;
			children = (
				578353F72B4FDAE400C0721D /* ImagesListCell.swift */,
			);
			path = Cells;
			sourceTree = "<group>";
		};
		57B9C9C72B7388A100A36CED /* Auth */ = {
			isa = PBXGroup;
			children = (
				57B9C9C52B73885C00A36CED /* AuthViewController.swift */,
				57B9C9C82B738A0100A36CED /* WebViewController.swift */,
				576D7CDA2BA9CE450033E479 /* WebViewPresenter.swift */,
			);
			path = Auth;
			sourceTree = "<group>";
		};
		57B9C9CA2B73A68A00A36CED /* Models */ = {
			isa = PBXGroup;
			children = (
				57B9C9CB2B73A69D00A36CED /* OAuthTokenResponseBody.swift */,
				57E4258A2B8CCFC5000DE6E2 /* ProfileResult.swift */,
				57E4258C2B8CCFEC000DE6E2 /* Profile.swift */,
				57E425902B90B989000DE6E2 /* UserResult.swift */,
				57E425992B90C7FE000DE6E2 /* AlertModel.swift */,
				576D7CC52BA41F7F0033E479 /* Photo.swift */,
				576D7CC72BA420880033E479 /* PhotoResult.swift */,
				576D7CC92BA420DD0033E479 /* UrlsResult.swift */,
			);
			path = Models;
			sourceTree = "<group>";
		};
		57B9C9CD2B73A6A300A36CED /* Services */ = {
			isa = PBXGroup;
			children = (
				576D7CC32BA41EE80033E479 /* ImagesListService.swift */,
				57B9C9CE2B73A6D300A36CED /* OAuth2Service.swift */,
				57B9C9D22B749C8100A36CED /* OAuth2TokenStorage.swift */,
				57E4258E2B90B652000DE6E2 /* ProfileImageService.swift */,
				576D7CD82BA48A5B0033E479 /* ProfileLogoutService.swift */,
				57E425862B8CCDFB000DE6E2 /* ProfileService.swift */,
			);
			path = Services;
			sourceTree = "<group>";
		};
		57DFAC572B4FB15700117C0D = {
			isa = PBXGroup;
			children = (
				57DFAC622B4FB15700117C0D /* ImageFeed */,
				576D7CD02BA42A550033E479 /* ImageFeedTests */,
				576D7CFE2BAAB8A10033E479 /* ImageFeedUITests */,
				57DFAC612B4FB15700117C0D /* Products */,
			);
			sourceTree = "<group>";
		};
		57DFAC612B4FB15700117C0D /* Products */ = {
			isa = PBXGroup;
			children = (
				57DFAC602B4FB15700117C0D /* ImageFeed.app */,
				576D7CCF2BA42A550033E479 /* ImageFeedTests.xctest */,
				576D7CFD2BAAB8A10033E479 /* ImageFeedUITests.xctest */,
			);
			name = Products;
			sourceTree = "<group>";
		};
		57DFAC622B4FB15700117C0D /* ImageFeed */ = {
			isa = PBXGroup;
			children = (
				57B9C9CD2B73A6A300A36CED /* Services */,
				57B9C9CA2B73A68A00A36CED /* Models */,
				578353F32B4FD54A00C0721D /* Helpers */,
				578353EF2B4FCE3400C0721D /* Presentation */,
				578353B82B4FCCFC00C0721D /* Resources */,
				57DFAC632B4FB15700117C0D /* AppDelegate.swift */,
				57DFAC652B4FB15700117C0D /* SceneDelegate.swift */,
			);
			path = ImageFeed;
			sourceTree = "<group>";
		};
/* End PBXGroup section */

/* Begin PBXNativeTarget section */
		576D7CCE2BA42A550033E479 /* ImageFeedTests */ = {
			isa = PBXNativeTarget;
			buildConfigurationList = 576D7CD52BA42A550033E479 /* Build configuration list for PBXNativeTarget "ImageFeedTests" */;
			buildPhases = (
				576D7CCB2BA42A550033E479 /* Sources */,
				576D7CCC2BA42A550033E479 /* Frameworks */,
				576D7CCD2BA42A550033E479 /* Resources */,
			);
			buildRules = (
			);
			dependencies = (
				576D7CD42BA42A550033E479 /* PBXTargetDependency */,
			);
			name = ImageFeedTests;
			productName = ImageFeedTests;
			productReference = 576D7CCF2BA42A550033E479 /* ImageFeedTests.xctest */;
			productType = "com.apple.product-type.bundle.unit-test";
		};
		576D7CFC2BAAB8A10033E479 /* ImageFeedUITests */ = {
			isa = PBXNativeTarget;
			buildConfigurationList = 576D7D052BAAB8A10033E479 /* Build configuration list for PBXNativeTarget "ImageFeedUITests" */;
			buildPhases = (
				576D7CF92BAAB8A10033E479 /* Sources */,
				576D7CFA2BAAB8A10033E479 /* Frameworks */,
				576D7CFB2BAAB8A10033E479 /* Resources */,
			);
			buildRules = (
			);
			dependencies = (
				576D7D042BAAB8A10033E479 /* PBXTargetDependency */,
			);
			name = ImageFeedUITests;
			productName = ImageFeedUITests;
			productReference = 576D7CFD2BAAB8A10033E479 /* ImageFeedUITests.xctest */;
			productType = "com.apple.product-type.bundle.ui-testing";
		};
		57DFAC5F2B4FB15700117C0D /* ImageFeed */ = {
			isa = PBXNativeTarget;
			buildConfigurationList = 57DFAC742B4FB15A00117C0D /* Build configuration list for PBXNativeTarget "ImageFeed" */;
			buildPhases = (
				57DFAC5C2B4FB15700117C0D /* Sources */,
				57DFAC5D2B4FB15700117C0D /* Frameworks */,
				57DFAC5E2B4FB15700117C0D /* Resources */,
			);
			buildRules = (
			);
			dependencies = (
			);
			name = ImageFeed;
			packageProductDependencies = (
				57E425822B8CBF92000DE6E2 /* ProgressHUD */,
				57E425952B90C18F000DE6E2 /* Kingfisher */,
				57E4259C2B90D111000DE6E2 /* SwiftKeychainWrapper */,
			);
			productName = ImageFeed;
			productReference = 57DFAC602B4FB15700117C0D /* ImageFeed.app */;
			productType = "com.apple.product-type.application";
		};
/* End PBXNativeTarget section */

/* Begin PBXProject section */
		57DFAC582B4FB15700117C0D /* Project object */ = {
			isa = PBXProject;
			attributes = {
				BuildIndependentTargetsInParallel = 1;
				LastSwiftUpdateCheck = 1520;
				LastUpgradeCheck = 1500;
				TargetAttributes = {
					576D7CCE2BA42A550033E479 = {
						CreatedOnToolsVersion = 15.2;
						TestTargetID = 57DFAC5F2B4FB15700117C0D;
					};
					576D7CFC2BAAB8A10033E479 = {
						CreatedOnToolsVersion = 15.2;
						TestTargetID = 57DFAC5F2B4FB15700117C0D;
					};
					57DFAC5F2B4FB15700117C0D = {
						CreatedOnToolsVersion = 15.0;
					};
				};
			};
			buildConfigurationList = 57DFAC5B2B4FB15700117C0D /* Build configuration list for PBXProject "ImageFeed" */;
			compatibilityVersion = "Xcode 14.0";
			developmentRegion = en;
			hasScannedForEncodings = 0;
			knownRegions = (
				en,
				Base,
			);
			mainGroup = 57DFAC572B4FB15700117C0D;
			packageReferences = (
				57E425812B8CBF92000DE6E2 /* XCRemoteSwiftPackageReference "ProgressHUD" */,
				57E425942B90C18F000DE6E2 /* XCRemoteSwiftPackageReference "Kingfisher" */,
				57E4259B2B90D111000DE6E2 /* XCRemoteSwiftPackageReference "SwiftKeychainWrapper" */,
			);
			productRefGroup = 57DFAC612B4FB15700117C0D /* Products */;
			projectDirPath = "";
			projectRoot = "";
			targets = (
				57DFAC5F2B4FB15700117C0D /* ImageFeed */,
				576D7CCE2BA42A550033E479 /* ImageFeedTests */,
				576D7CFC2BAAB8A10033E479 /* ImageFeedUITests */,
			);
		};
/* End PBXProject section */

/* Begin PBXResourcesBuildPhase section */
		576D7CCD2BA42A550033E479 /* Resources */ = {
			isa = PBXResourcesBuildPhase;
			buildActionMask = 2147483647;
			files = (
			);
			runOnlyForDeploymentPostprocessing = 0;
		};
		576D7CFB2BAAB8A10033E479 /* Resources */ = {
			isa = PBXResourcesBuildPhase;
			buildActionMask = 2147483647;
			files = (
			);
			runOnlyForDeploymentPostprocessing = 0;
		};
		57DFAC5E2B4FB15700117C0D /* Resources */ = {
			isa = PBXResourcesBuildPhase;
			buildActionMask = 2147483647;
			files = (
				578353ED2B4FCDD900C0721D /* LaunchScreen.storyboard in Resources */,
				578353F22B4FCFDA00C0721D /* Main.storyboard in Resources */,
				578353D12B4FCD4000C0721D /* Assets.xcassets in Resources */,
			);
			runOnlyForDeploymentPostprocessing = 0;
		};
/* End PBXResourcesBuildPhase section */

/* Begin PBXSourcesBuildPhase section */
		576D7CCB2BA42A550033E479 /* Sources */ = {
			isa = PBXSourcesBuildPhase;
			buildActionMask = 2147483647;
			files = (
				576D7CD22BA42A550033E479 /* ImageFeedTests.swift in Sources */,
				576D7CE72BA9F3330033E479 /* WebViewTests.swift in Sources */,
				576D7CF82BAAB3840033E479 /* ImagesListViewPresenterSpy.swift in Sources */,
				576D7CE32BA9E0D40033E479 /* WebViewControllerSpy.swift in Sources */,
				576D7CEB2BA9F3C20033E479 /* ProfileViewTests.swift in Sources */,
				576D7CF62BAAB3780033E479 /* ImagesListViewControllerSpy.swift in Sources */,
				576D7CF42BAAB3290033E479 /* ImagesListViewTests.swift in Sources */,
				576D7CEF2BA9F3E90033E479 /* ProfileViewPresenterSpy.swift in Sources */,
				576D7CE12BA9DF4B0033E479 /* WebViewPresenterSpy.swift in Sources */,
				576D7CED2BA9F3D30033E479 /* ProfileViewControllerSpy.swift in Sources */,
			);
			runOnlyForDeploymentPostprocessing = 0;
		};
		576D7CF92BAAB8A10033E479 /* Sources */ = {
			isa = PBXSourcesBuildPhase;
			buildActionMask = 2147483647;
			files = (
				576D7D022BAAB8A10033E479 /* ImageFeedUITestsLaunchTests.swift in Sources */,
				576D7D002BAAB8A10033E479 /* ImageFeedUITests.swift in Sources */,
			);
			runOnlyForDeploymentPostprocessing = 0;
		};
		57DFAC5C2B4FB15700117C0D /* Sources */ = {
			isa = PBXSourcesBuildPhase;
			buildActionMask = 2147483647;
			files = (
				576D7CC62BA41F7F0033E479 /* Photo.swift in Sources */,
				57DFAC682B4FB15700117C0D /* ImagesListViewController.swift in Sources */,
				576D7CDB2BA9CE450033E479 /* WebViewPresenter.swift in Sources */,
				576D7CD92BA48A5B0033E479 /* ProfileLogoutService.swift in Sources */,
				57E4259F2B90D241000DE6E2 /* TabBarController.swift in Sources */,
				57A887642B5AA5F8006E3EAD /* UIColor+Extensions.swift in Sources */,
				57B9C9CF2B73A6D300A36CED /* OAuth2Service.swift in Sources */,
				57DFAC642B4FB15700117C0D /* AppDelegate.swift in Sources */,
				57E425802B8CBDC1000DE6E2 /* URLSession+Extension.swift in Sources */,
				57B9C9C92B738A0100A36CED /* WebViewController.swift in Sources */,
				57B9C9CC2B73A69D00A36CED /* OAuthTokenResponseBody.swift in Sources */,
				57E4259A2B90C7FE000DE6E2 /* AlertModel.swift in Sources */,
				57E425A12B90D614000DE6E2 /* Logger.swift in Sources */,
				57E425912B90B989000DE6E2 /* UserResult.swift in Sources */,
				57B9C9D32B749C8100A36CED /* OAuth2TokenStorage.swift in Sources */,
				576D7CDF2BA9DC320033E479 /* AuthHelper.swift in Sources */,
				57B9C9D12B749BB300A36CED /* SplashViewController.swift in Sources */,
				57E4258D2B8CCFEC000DE6E2 /* Profile.swift in Sources */,
				57E4258F2B90B652000DE6E2 /* ProfileImageService.swift in Sources */,
				576D7CC82BA420880033E479 /* PhotoResult.swift in Sources */,
				57EF35E92B59194900C643FB /* ProfileViewController.swift in Sources */,
				576D7CCA2BA420DD0033E479 /* UrlsResult.swift in Sources */,
				57E4257E2B8CBD9E000DE6E2 /* NetworkError.swift in Sources */,
				57E425872B8CCDFB000DE6E2 /* ProfileService.swift in Sources */,
				578353F82B4FDAE400C0721D /* ImagesListCell.swift in Sources */,
				57A887622B5A81E0006E3EAD /* SingleImageViewController.swift in Sources */,
				57DFAC662B4FB15700117C0D /* SceneDelegate.swift in Sources */,
				57B9C9C62B73885C00A36CED /* AuthViewController.swift in Sources */,
				576D7CC42BA41EE80033E479 /* ImagesListService.swift in Sources */,
				57B9C9C42B736E1100A36CED /* ApiConstants.swift in Sources */,
				576D7CDD2BA9DB560033E479 /* AuthConfiguration.swift in Sources */,
				576D7CE52BA9E5500033E479 /* ProfileViewPresenter.swift in Sources */,
				57E4258B2B8CCFC5000DE6E2 /* ProfileResult.swift in Sources */,
				576D7CF12BAAA1F60033E479 /* ImagesListViewPresenter.swift in Sources */,
				57E425852B8CCC6E000DE6E2 /* UIBlockingProgressHUD.swift in Sources */,
				57E425982B90C7A6000DE6E2 /* AlertPresenter.swift in Sources */,
			);
			runOnlyForDeploymentPostprocessing = 0;
		};
/* End PBXSourcesBuildPhase section */

/* Begin PBXTargetDependency section */
		576D7CD42BA42A550033E479 /* PBXTargetDependency */ = {
			isa = PBXTargetDependency;
			target = 57DFAC5F2B4FB15700117C0D /* ImageFeed */;
			targetProxy = 576D7CD32BA42A550033E479 /* PBXContainerItemProxy */;
		};
		576D7D042BAAB8A10033E479 /* PBXTargetDependency */ = {
			isa = PBXTargetDependency;
			target = 57DFAC5F2B4FB15700117C0D /* ImageFeed */;
			targetProxy = 576D7D032BAAB8A10033E479 /* PBXContainerItemProxy */;
		};
/* End PBXTargetDependency section */

/* Begin PBXVariantGroup section */
		578353EA2B4FCDD900C0721D /* LaunchScreen.storyboard */ = {
			isa = PBXVariantGroup;
			children = (
				578353EB2B4FCDD900C0721D /* Base */,
			);
			name = LaunchScreen.storyboard;
			sourceTree = "<group>";
		};
		578353F02B4FCFDA00C0721D /* Main.storyboard */ = {
			isa = PBXVariantGroup;
			children = (
				578353F12B4FCFDA00C0721D /* Base */,
			);
			name = Main.storyboard;
			sourceTree = "<group>";
		};
/* End PBXVariantGroup section */

/* Begin XCBuildConfiguration section */
		576D7CD62BA42A550033E479 /* Debug */ = {
			isa = XCBuildConfiguration;
			buildSettings = {
				BUNDLE_LOADER = "$(TEST_HOST)";
				CODE_SIGN_STYLE = Automatic;
				CURRENT_PROJECT_VERSION = 1;
				DEVELOPMENT_TEAM = W343JXN9VM;
				GENERATE_INFOPLIST_FILE = YES;
				IPHONEOS_DEPLOYMENT_TARGET = 17.2;
				MARKETING_VERSION = 1.0;
				PRODUCT_BUNDLE_IDENTIFIER = ru.yandex.practicum.ImageFeedTests;
				PRODUCT_NAME = "$(TARGET_NAME)";
				SWIFT_EMIT_LOC_STRINGS = NO;
				SWIFT_VERSION = 5.0;
				TARGETED_DEVICE_FAMILY = "1,2";
				TEST_HOST = "$(BUILT_PRODUCTS_DIR)/ImageFeed.app/$(BUNDLE_EXECUTABLE_FOLDER_PATH)/ImageFeed";
			};
			name = Debug;
		};
		576D7CD72BA42A550033E479 /* Release */ = {
			isa = XCBuildConfiguration;
			buildSettings = {
				BUNDLE_LOADER = "$(TEST_HOST)";
				CODE_SIGN_STYLE = Automatic;
				CURRENT_PROJECT_VERSION = 1;
				DEVELOPMENT_TEAM = W343JXN9VM;
				GENERATE_INFOPLIST_FILE = YES;
				IPHONEOS_DEPLOYMENT_TARGET = 17.2;
				MARKETING_VERSION = 1.0;
				PRODUCT_BUNDLE_IDENTIFIER = ru.yandex.practicum.ImageFeedTests;
				PRODUCT_NAME = "$(TARGET_NAME)";
				SWIFT_EMIT_LOC_STRINGS = NO;
				SWIFT_VERSION = 5.0;
				TARGETED_DEVICE_FAMILY = "1,2";
				TEST_HOST = "$(BUILT_PRODUCTS_DIR)/ImageFeed.app/$(BUNDLE_EXECUTABLE_FOLDER_PATH)/ImageFeed";
			};
			name = Release;
		};
		576D7D062BAAB8A10033E479 /* Debug */ = {
			isa = XCBuildConfiguration;
			buildSettings = {
				CODE_SIGN_STYLE = Automatic;
				CURRENT_PROJECT_VERSION = 1;
				DEVELOPMENT_TEAM = W343JXN9VM;
				GENERATE_INFOPLIST_FILE = YES;
				IPHONEOS_DEPLOYMENT_TARGET = 17.2;
				MARKETING_VERSION = 1.0;
				PRODUCT_BUNDLE_IDENTIFIER = ru.yandex.practicum.ImageFeedUITests;
				PRODUCT_NAME = "$(TARGET_NAME)";
				SWIFT_EMIT_LOC_STRINGS = NO;
				SWIFT_VERSION = 5.0;
				TARGETED_DEVICE_FAMILY = "1,2";
				TEST_TARGET_NAME = ImageFeed;
			};
			name = Debug;
		};
		576D7D072BAAB8A10033E479 /* Release */ = {
			isa = XCBuildConfiguration;
			buildSettings = {
				CODE_SIGN_STYLE = Automatic;
				CURRENT_PROJECT_VERSION = 1;
				DEVELOPMENT_TEAM = W343JXN9VM;
				GENERATE_INFOPLIST_FILE = YES;
				IPHONEOS_DEPLOYMENT_TARGET = 17.2;
				MARKETING_VERSION = 1.0;
				PRODUCT_BUNDLE_IDENTIFIER = ru.yandex.practicum.ImageFeedUITests;
				PRODUCT_NAME = "$(TARGET_NAME)";
				SWIFT_EMIT_LOC_STRINGS = NO;
				SWIFT_VERSION = 5.0;
				TARGETED_DEVICE_FAMILY = "1,2";
				TEST_TARGET_NAME = ImageFeed;
			};
			name = Release;
		};
		57DFAC722B4FB15A00117C0D /* Debug */ = {
			isa = XCBuildConfiguration;
			buildSettings = {
				ALWAYS_SEARCH_USER_PATHS = NO;
				ASSETCATALOG_COMPILER_GENERATE_SWIFT_ASSET_SYMBOL_EXTENSIONS = YES;
				CLANG_ANALYZER_NONNULL = YES;
				CLANG_ANALYZER_NUMBER_OBJECT_CONVERSION = YES_AGGRESSIVE;
				CLANG_CXX_LANGUAGE_STANDARD = "gnu++20";
				CLANG_ENABLE_MODULES = YES;
				CLANG_ENABLE_OBJC_ARC = YES;
				CLANG_ENABLE_OBJC_WEAK = YES;
				CLANG_WARN_BLOCK_CAPTURE_AUTORELEASING = YES;
				CLANG_WARN_BOOL_CONVERSION = YES;
				CLANG_WARN_COMMA = YES;
				CLANG_WARN_CONSTANT_CONVERSION = YES;
				CLANG_WARN_DEPRECATED_OBJC_IMPLEMENTATIONS = YES;
				CLANG_WARN_DIRECT_OBJC_ISA_USAGE = YES_ERROR;
				CLANG_WARN_DOCUMENTATION_COMMENTS = YES;
				CLANG_WARN_EMPTY_BODY = YES;
				CLANG_WARN_ENUM_CONVERSION = YES;
				CLANG_WARN_INFINITE_RECURSION = YES;
				CLANG_WARN_INT_CONVERSION = YES;
				CLANG_WARN_NON_LITERAL_NULL_CONVERSION = YES;
				CLANG_WARN_OBJC_IMPLICIT_RETAIN_SELF = YES;
				CLANG_WARN_OBJC_LITERAL_CONVERSION = YES;
				CLANG_WARN_OBJC_ROOT_CLASS = YES_ERROR;
				CLANG_WARN_QUOTED_INCLUDE_IN_FRAMEWORK_HEADER = YES;
				CLANG_WARN_RANGE_LOOP_ANALYSIS = YES;
				CLANG_WARN_STRICT_PROTOTYPES = YES;
				CLANG_WARN_SUSPICIOUS_MOVE = YES;
				CLANG_WARN_UNGUARDED_AVAILABILITY = YES_AGGRESSIVE;
				CLANG_WARN_UNREACHABLE_CODE = YES;
				CLANG_WARN__DUPLICATE_METHOD_MATCH = YES;
				COPY_PHASE_STRIP = NO;
				DEBUG_INFORMATION_FORMAT = dwarf;
				ENABLE_STRICT_OBJC_MSGSEND = YES;
				ENABLE_TESTABILITY = YES;
				ENABLE_USER_SCRIPT_SANDBOXING = YES;
				GCC_C_LANGUAGE_STANDARD = gnu17;
				GCC_DYNAMIC_NO_PIC = NO;
				GCC_NO_COMMON_BLOCKS = YES;
				GCC_OPTIMIZATION_LEVEL = 0;
				GCC_PREPROCESSOR_DEFINITIONS = (
					"DEBUG=1",
					"$(inherited)",
				);
				GCC_WARN_64_TO_32_BIT_CONVERSION = YES;
				GCC_WARN_ABOUT_RETURN_TYPE = YES_ERROR;
				GCC_WARN_UNDECLARED_SELECTOR = YES;
				GCC_WARN_UNINITIALIZED_AUTOS = YES_AGGRESSIVE;
				GCC_WARN_UNUSED_FUNCTION = YES;
				GCC_WARN_UNUSED_VARIABLE = YES;
				IPHONEOS_DEPLOYMENT_TARGET = 17.0;
				LOCALIZATION_PREFERS_STRING_CATALOGS = YES;
				MTL_ENABLE_DEBUG_INFO = INCLUDE_SOURCE;
				MTL_FAST_MATH = YES;
				ONLY_ACTIVE_ARCH = YES;
				SDKROOT = iphoneos;
				SWIFT_ACTIVE_COMPILATION_CONDITIONS = "DEBUG $(inherited)";
				SWIFT_OPTIMIZATION_LEVEL = "-Onone";
			};
			name = Debug;
		};
		57DFAC732B4FB15A00117C0D /* Release */ = {
			isa = XCBuildConfiguration;
			buildSettings = {
				ALWAYS_SEARCH_USER_PATHS = NO;
				ASSETCATALOG_COMPILER_GENERATE_SWIFT_ASSET_SYMBOL_EXTENSIONS = YES;
				CLANG_ANALYZER_NONNULL = YES;
				CLANG_ANALYZER_NUMBER_OBJECT_CONVERSION = YES_AGGRESSIVE;
				CLANG_CXX_LANGUAGE_STANDARD = "gnu++20";
				CLANG_ENABLE_MODULES = YES;
				CLANG_ENABLE_OBJC_ARC = YES;
				CLANG_ENABLE_OBJC_WEAK = YES;
				CLANG_WARN_BLOCK_CAPTURE_AUTORELEASING = YES;
				CLANG_WARN_BOOL_CONVERSION = YES;
				CLANG_WARN_COMMA = YES;
				CLANG_WARN_CONSTANT_CONVERSION = YES;
				CLANG_WARN_DEPRECATED_OBJC_IMPLEMENTATIONS = YES;
				CLANG_WARN_DIRECT_OBJC_ISA_USAGE = YES_ERROR;
				CLANG_WARN_DOCUMENTATION_COMMENTS = YES;
				CLANG_WARN_EMPTY_BODY = YES;
				CLANG_WARN_ENUM_CONVERSION = YES;
				CLANG_WARN_INFINITE_RECURSION = YES;
				CLANG_WARN_INT_CONVERSION = YES;
				CLANG_WARN_NON_LITERAL_NULL_CONVERSION = YES;
				CLANG_WARN_OBJC_IMPLICIT_RETAIN_SELF = YES;
				CLANG_WARN_OBJC_LITERAL_CONVERSION = YES;
				CLANG_WARN_OBJC_ROOT_CLASS = YES_ERROR;
				CLANG_WARN_QUOTED_INCLUDE_IN_FRAMEWORK_HEADER = YES;
				CLANG_WARN_RANGE_LOOP_ANALYSIS = YES;
				CLANG_WARN_STRICT_PROTOTYPES = YES;
				CLANG_WARN_SUSPICIOUS_MOVE = YES;
				CLANG_WARN_UNGUARDED_AVAILABILITY = YES_AGGRESSIVE;
				CLANG_WARN_UNREACHABLE_CODE = YES;
				CLANG_WARN__DUPLICATE_METHOD_MATCH = YES;
				COPY_PHASE_STRIP = NO;
				DEBUG_INFORMATION_FORMAT = "dwarf-with-dsym";
				ENABLE_NS_ASSERTIONS = NO;
				ENABLE_STRICT_OBJC_MSGSEND = YES;
				ENABLE_USER_SCRIPT_SANDBOXING = YES;
				GCC_C_LANGUAGE_STANDARD = gnu17;
				GCC_NO_COMMON_BLOCKS = YES;
				GCC_WARN_64_TO_32_BIT_CONVERSION = YES;
				GCC_WARN_ABOUT_RETURN_TYPE = YES_ERROR;
				GCC_WARN_UNDECLARED_SELECTOR = YES;
				GCC_WARN_UNINITIALIZED_AUTOS = YES_AGGRESSIVE;
				GCC_WARN_UNUSED_FUNCTION = YES;
				GCC_WARN_UNUSED_VARIABLE = YES;
				IPHONEOS_DEPLOYMENT_TARGET = 17.0;
				LOCALIZATION_PREFERS_STRING_CATALOGS = YES;
				MTL_ENABLE_DEBUG_INFO = NO;
				MTL_FAST_MATH = YES;
				SDKROOT = iphoneos;
				SWIFT_COMPILATION_MODE = wholemodule;
				VALIDATE_PRODUCT = YES;
			};
			name = Release;
		};
		57DFAC752B4FB15A00117C0D /* Debug */ = {
			isa = XCBuildConfiguration;
			buildSettings = {
				ASSETCATALOG_COMPILER_APPICON_NAME = AppIcon;
				ASSETCATALOG_COMPILER_GLOBAL_ACCENT_COLOR_NAME = AccentColor;
				CODE_SIGN_STYLE = Automatic;
				CURRENT_PROJECT_VERSION = 1;
				DEVELOPMENT_TEAM = W343JXN9VM;
				GENERATE_INFOPLIST_FILE = YES;
				INFOPLIST_FILE = ImageFeed/Resources/Info.plist;
				INFOPLIST_KEY_UIApplicationSupportsIndirectInputEvents = YES;
				INFOPLIST_KEY_UILaunchStoryboardName = LaunchScreen;
				INFOPLIST_KEY_UIMainStoryboardFile = Main;
				INFOPLIST_KEY_UISupportedInterfaceOrientations_iPad = "UIInterfaceOrientationPortrait UIInterfaceOrientationPortraitUpsideDown UIInterfaceOrientationLandscapeLeft UIInterfaceOrientationLandscapeRight";
				INFOPLIST_KEY_UISupportedInterfaceOrientations_iPhone = UIInterfaceOrientationPortrait;
				IPHONEOS_DEPLOYMENT_TARGET = 13.0;
				LD_RUNPATH_SEARCH_PATHS = (
					"$(inherited)",
					"@executable_path/Frameworks",
				);
				MARKETING_VERSION = 1.0;
				PRODUCT_BUNDLE_IDENTIFIER = ru.yandex.practicum.ImageFeed;
				PRODUCT_NAME = "$(TARGET_NAME)";
				SUPPORTED_PLATFORMS = "iphoneos iphonesimulator";
				SUPPORTS_MACCATALYST = NO;
				SUPPORTS_MAC_DESIGNED_FOR_IPHONE_IPAD = NO;
				SWIFT_EMIT_LOC_STRINGS = YES;
				SWIFT_VERSION = 5.0;
				TARGETED_DEVICE_FAMILY = 1;
			};
			name = Debug;
		};
		57DFAC762B4FB15A00117C0D /* Release */ = {
			isa = XCBuildConfiguration;
			buildSettings = {
				ASSETCATALOG_COMPILER_APPICON_NAME = AppIcon;
				ASSETCATALOG_COMPILER_GLOBAL_ACCENT_COLOR_NAME = AccentColor;
				CODE_SIGN_STYLE = Automatic;
				CURRENT_PROJECT_VERSION = 1;
				DEVELOPMENT_TEAM = W343JXN9VM;
				GENERATE_INFOPLIST_FILE = YES;
				INFOPLIST_FILE = ImageFeed/Resources/Info.plist;
				INFOPLIST_KEY_UIApplicationSupportsIndirectInputEvents = YES;
				INFOPLIST_KEY_UILaunchStoryboardName = LaunchScreen;
				INFOPLIST_KEY_UIMainStoryboardFile = Main;
				INFOPLIST_KEY_UISupportedInterfaceOrientations_iPad = "UIInterfaceOrientationPortrait UIInterfaceOrientationPortraitUpsideDown UIInterfaceOrientationLandscapeLeft UIInterfaceOrientationLandscapeRight";
				INFOPLIST_KEY_UISupportedInterfaceOrientations_iPhone = UIInterfaceOrientationPortrait;
				IPHONEOS_DEPLOYMENT_TARGET = 13.0;
				LD_RUNPATH_SEARCH_PATHS = (
					"$(inherited)",
					"@executable_path/Frameworks",
				);
				MARKETING_VERSION = 1.0;
				PRODUCT_BUNDLE_IDENTIFIER = ru.yandex.practicum.ImageFeed;
				PRODUCT_NAME = "$(TARGET_NAME)";
				SUPPORTED_PLATFORMS = "iphoneos iphonesimulator";
				SUPPORTS_MACCATALYST = NO;
				SUPPORTS_MAC_DESIGNED_FOR_IPHONE_IPAD = NO;
				SWIFT_EMIT_LOC_STRINGS = YES;
				SWIFT_VERSION = 5.0;
				TARGETED_DEVICE_FAMILY = 1;
			};
			name = Release;
		};
/* End XCBuildConfiguration section */

/* Begin XCConfigurationList section */
		576D7CD52BA42A550033E479 /* Build configuration list for PBXNativeTarget "ImageFeedTests" */ = {
			isa = XCConfigurationList;
			buildConfigurations = (
				576D7CD62BA42A550033E479 /* Debug */,
				576D7CD72BA42A550033E479 /* Release */,
			);
			defaultConfigurationIsVisible = 0;
			defaultConfigurationName = Release;
		};
		576D7D052BAAB8A10033E479 /* Build configuration list for PBXNativeTarget "ImageFeedUITests" */ = {
			isa = XCConfigurationList;
			buildConfigurations = (
				576D7D062BAAB8A10033E479 /* Debug */,
				576D7D072BAAB8A10033E479 /* Release */,
			);
			defaultConfigurationIsVisible = 0;
			defaultConfigurationName = Release;
		};
		57DFAC5B2B4FB15700117C0D /* Build configuration list for PBXProject "ImageFeed" */ = {
			isa = XCConfigurationList;
			buildConfigurations = (
				57DFAC722B4FB15A00117C0D /* Debug */,
				57DFAC732B4FB15A00117C0D /* Release */,
			);
			defaultConfigurationIsVisible = 0;
			defaultConfigurationName = Release;
		};
		57DFAC742B4FB15A00117C0D /* Build configuration list for PBXNativeTarget "ImageFeed" */ = {
			isa = XCConfigurationList;
			buildConfigurations = (
				57DFAC752B4FB15A00117C0D /* Debug */,
				57DFAC762B4FB15A00117C0D /* Release */,
			);
			defaultConfigurationIsVisible = 0;
			defaultConfigurationName = Release;
		};
/* End XCConfigurationList section */

/* Begin XCRemoteSwiftPackageReference section */
		57E425812B8CBF92000DE6E2 /* XCRemoteSwiftPackageReference "ProgressHUD" */ = {
			isa = XCRemoteSwiftPackageReference;
			repositoryURL = "https://github.com/relatedcode/ProgressHUD";
			requirement = {
				kind = upToNextMajorVersion;
				minimumVersion = 14.1.1;
			};
		};
		57E425942B90C18F000DE6E2 /* XCRemoteSwiftPackageReference "Kingfisher" */ = {
			isa = XCRemoteSwiftPackageReference;
			repositoryURL = "https://github.com/onevcat/Kingfisher.git";
			requirement = {
				kind = upToNextMajorVersion;
				minimumVersion = 7.11.0;
			};
		};
		57E4259B2B90D111000DE6E2 /* XCRemoteSwiftPackageReference "SwiftKeychainWrapper" */ = {
			isa = XCRemoteSwiftPackageReference;
			repositoryURL = "https://github.com/jrendel/SwiftKeychainWrapper.git";
			requirement = {
				kind = upToNextMajorVersion;
				minimumVersion = 4.0.1;
			};
		};
/* End XCRemoteSwiftPackageReference section */

/* Begin XCSwiftPackageProductDependency section */
		57E425822B8CBF92000DE6E2 /* ProgressHUD */ = {
			isa = XCSwiftPackageProductDependency;
			package = 57E425812B8CBF92000DE6E2 /* XCRemoteSwiftPackageReference "ProgressHUD" */;
			productName = ProgressHUD;
		};
		57E425952B90C18F000DE6E2 /* Kingfisher */ = {
			isa = XCSwiftPackageProductDependency;
			package = 57E425942B90C18F000DE6E2 /* XCRemoteSwiftPackageReference "Kingfisher" */;
			productName = Kingfisher;
		};
		57E4259C2B90D111000DE6E2 /* SwiftKeychainWrapper */ = {
			isa = XCSwiftPackageProductDependency;
			package = 57E4259B2B90D111000DE6E2 /* XCRemoteSwiftPackageReference "SwiftKeychainWrapper" */;
			productName = SwiftKeychainWrapper;
		};
/* End XCSwiftPackageProductDependency section */
	};
	rootObject = 57DFAC582B4FB15700117C0D /* Project object */;
}
